// !$*UTF8*$!
{
	archiveVersion = 1;
	classes = {
	};
	objectVersion = 46;
	objects = {

/* Begin PBXBuildFile section */
		1257AD201911D11B000E45A9 /* SKNode+si_collision_animation.m in Sources */ = {isa = PBXBuildFile; fileRef = 1257AD1F1911D11B000E45A9 /* SKNode+si_collision_animation.m */; };
		12683418191AAD6100007207 /* SIScoreManager.m in Sources */ = {isa = PBXBuildFile; fileRef = 12683417191AAD6100007207 /* SIScoreManager.m */; };
		12EA10EC191AC69F0060A14D /* SIGameOverVC.m in Sources */ = {isa = PBXBuildFile; fileRef = 12EA10EB191AC69F0060A14D /* SIGameOverVC.m */; };
		1673CBD118FE59A800D38AA2 /* Monster32.png in Resources */ = {isa = PBXBuildFile; fileRef = 1673CBCA18FE59A800D38AA2 /* Monster32.png */; };
		1673CBD218FE59A800D38AA2 /* Rocket32.png in Resources */ = {isa = PBXBuildFile; fileRef = 1673CBCB18FE59A800D38AA2 /* Rocket32.png */; };
		1673CBD318FE59A800D38AA2 /* Spaceship32.png in Resources */ = {isa = PBXBuildFile; fileRef = 1673CBCC18FE59A800D38AA2 /* Spaceship32.png */; };
		1673CBD418FE59A800D38AA2 /* Monster.png in Resources */ = {isa = PBXBuildFile; fileRef = 1673CBCE18FE59A800D38AA2 /* Monster.png */; };
		1673CBD518FE59A800D38AA2 /* Rocket.png in Resources */ = {isa = PBXBuildFile; fileRef = 1673CBCF18FE59A800D38AA2 /* Rocket.png */; };
		1673CBD618FE59A800D38AA2 /* Spaceship.png in Resources */ = {isa = PBXBuildFile; fileRef = 1673CBD018FE59A800D38AA2 /* Spaceship.png */; };
		16D21DA718FC8C1400D18092 /* Foundation.framework in Frameworks */ = {isa = PBXBuildFile; fileRef = 16D21DA618FC8C1400D18092 /* Foundation.framework */; };
		16D21DA918FC8C1400D18092 /* CoreGraphics.framework in Frameworks */ = {isa = PBXBuildFile; fileRef = 16D21DA818FC8C1400D18092 /* CoreGraphics.framework */; };
		16D21DAB18FC8C1400D18092 /* UIKit.framework in Frameworks */ = {isa = PBXBuildFile; fileRef = 16D21DAA18FC8C1400D18092 /* UIKit.framework */; };
		16D21DAD18FC8C1400D18092 /* SpriteKit.framework in Frameworks */ = {isa = PBXBuildFile; fileRef = 16D21DAC18FC8C1400D18092 /* SpriteKit.framework */; };
		16D21DB318FC8C1400D18092 /* InfoPlist.strings in Resources */ = {isa = PBXBuildFile; fileRef = 16D21DB118FC8C1400D18092 /* InfoPlist.strings */; };
		16D21DB518FC8C1400D18092 /* main.m in Sources */ = {isa = PBXBuildFile; fileRef = 16D21DB418FC8C1400D18092 /* main.m */; };
		16D21DB918FC8C1400D18092 /* SIAppDelegate.m in Sources */ = {isa = PBXBuildFile; fileRef = 16D21DB818FC8C1400D18092 /* SIAppDelegate.m */; };
		16D21DBC18FC8C1400D18092 /* Main.storyboard in Resources */ = {isa = PBXBuildFile; fileRef = 16D21DBA18FC8C1400D18092 /* Main.storyboard */; };
		16D21DBF18FC8C1400D18092 /* SIViewController.m in Sources */ = {isa = PBXBuildFile; fileRef = 16D21DBE18FC8C1400D18092 /* SIViewController.m */; };
		16D21DC618FC8C1400D18092 /* Images.xcassets in Resources */ = {isa = PBXBuildFile; fileRef = 16D21DC518FC8C1400D18092 /* Images.xcassets */; };
		16D21DCD18FC8C1400D18092 /* XCTest.framework in Frameworks */ = {isa = PBXBuildFile; fileRef = 16D21DCC18FC8C1400D18092 /* XCTest.framework */; };
		16D21DCE18FC8C1400D18092 /* Foundation.framework in Frameworks */ = {isa = PBXBuildFile; fileRef = 16D21DA618FC8C1400D18092 /* Foundation.framework */; };
		16D21DCF18FC8C1400D18092 /* UIKit.framework in Frameworks */ = {isa = PBXBuildFile; fileRef = 16D21DAA18FC8C1400D18092 /* UIKit.framework */; };
		16D21DD718FC8C1400D18092 /* InfoPlist.strings in Resources */ = {isa = PBXBuildFile; fileRef = 16D21DD518FC8C1400D18092 /* InfoPlist.strings */; };
		16D21DD918FC8C1400D18092 /* spaceinvadersTests.m in Sources */ = {isa = PBXBuildFile; fileRef = 16D21DD818FC8C1400D18092 /* spaceinvadersTests.m */; };
		16D21DE418FC902600D18092 /* SISpaceship.m in Sources */ = {isa = PBXBuildFile; fileRef = 16D21DE318FC902600D18092 /* SISpaceship.m */; };
		8D84F06C1901A7E200DE42C0 /* SIGameScene.m in Sources */ = {isa = PBXBuildFile; fileRef = 8D84F0691901A7E200DE42C0 /* SIGameScene.m */; };
		8D84F06D1901A7E200DE42C0 /* SIGameScene+collision.m in Sources */ = {isa = PBXBuildFile; fileRef = 8D84F06B1901A7E200DE42C0 /* SIGameScene+collision.m */; };
		8D84F0701901FEB800DE42C0 /* HCSpriteNode.m in Sources */ = {isa = PBXBuildFile; fileRef = 8D84F06F1901FEB800DE42C0 /* HCSpriteNode.m */; };
		8D9B302C1900CBD500658688 /* SIRandomGenerator.m in Sources */ = {isa = PBXBuildFile; fileRef = 8D9B302B1900CBD500658688 /* SIRandomGenerator.m */; };
/* End PBXBuildFile section */

/* Begin PBXContainerItemProxy section */
		16D21DD018FC8C1400D18092 /* PBXContainerItemProxy */ = {
			isa = PBXContainerItemProxy;
			containerPortal = 16D21D9B18FC8C1400D18092 /* Project object */;
			proxyType = 1;
			remoteGlobalIDString = 16D21DA218FC8C1400D18092;
			remoteInfo = spaceinvaders;
		};
/* End PBXContainerItemProxy section */

/* Begin PBXFileReference section */
		1257AD1E1911D11B000E45A9 /* SKNode+si_collision_animation.h */ = {isa = PBXFileReference; fileEncoding = 4; lastKnownFileType = sourcecode.c.h; name = "SKNode+si_collision_animation.h"; path = "framework/SKNode+si_collision_animation.h"; sourceTree = "<group>"; };
		1257AD1F1911D11B000E45A9 /* SKNode+si_collision_animation.m */ = {isa = PBXFileReference; fileEncoding = 4; lastKnownFileType = sourcecode.c.objc; name = "SKNode+si_collision_animation.m"; path = "framework/SKNode+si_collision_animation.m"; sourceTree = "<group>"; };
		12683416191AAD6100007207 /* SIScoreManager.h */ = {isa = PBXFileReference; fileEncoding = 4; lastKnownFileType = sourcecode.c.h; name = SIScoreManager.h; path = data/SIScoreManager.h; sourceTree = "<group>"; };
		12683417191AAD6100007207 /* SIScoreManager.m */ = {isa = PBXFileReference; fileEncoding = 4; lastKnownFileType = sourcecode.c.objc; name = SIScoreManager.m; path = data/SIScoreManager.m; sourceTree = "<group>"; };
		12EA10EA191AC69F0060A14D /* SIGameOverVC.h */ = {isa = PBXFileReference; fileEncoding = 4; lastKnownFileType = sourcecode.c.h; path = SIGameOverVC.h; sourceTree = "<group>"; };
		12EA10EB191AC69F0060A14D /* SIGameOverVC.m */ = {isa = PBXFileReference; fileEncoding = 4; lastKnownFileType = sourcecode.c.objc; path = SIGameOverVC.m; sourceTree = "<group>"; };
		1673CBCA18FE59A800D38AA2 /* Monster32.png */ = {isa = PBXFileReference; lastKnownFileType = image.png; path = Monster32.png; sourceTree = "<group>"; };
		1673CBCB18FE59A800D38AA2 /* Rocket32.png */ = {isa = PBXFileReference; lastKnownFileType = image.png; path = Rocket32.png; sourceTree = "<group>"; };
		1673CBCC18FE59A800D38AA2 /* Spaceship32.png */ = {isa = PBXFileReference; lastKnownFileType = image.png; path = Spaceship32.png; sourceTree = "<group>"; };
		1673CBCE18FE59A800D38AA2 /* Monster.png */ = {isa = PBXFileReference; lastKnownFileType = image.png; path = Monster.png; sourceTree = "<group>"; };
		1673CBCF18FE59A800D38AA2 /* Rocket.png */ = {isa = PBXFileReference; lastKnownFileType = image.png; path = Rocket.png; sourceTree = "<group>"; };
		1673CBD018FE59A800D38AA2 /* Spaceship.png */ = {isa = PBXFileReference; lastKnownFileType = image.png; path = Spaceship.png; sourceTree = "<group>"; };
		16D21DA318FC8C1400D18092 /* spaceinvaders.app */ = {isa = PBXFileReference; explicitFileType = wrapper.application; includeInIndex = 0; path = spaceinvaders.app; sourceTree = BUILT_PRODUCTS_DIR; };
		16D21DA618FC8C1400D18092 /* Foundation.framework */ = {isa = PBXFileReference; lastKnownFileType = wrapper.framework; name = Foundation.framework; path = System/Library/Frameworks/Foundation.framework; sourceTree = SDKROOT; };
		16D21DA818FC8C1400D18092 /* CoreGraphics.framework */ = {isa = PBXFileReference; lastKnownFileType = wrapper.framework; name = CoreGraphics.framework; path = System/Library/Frameworks/CoreGraphics.framework; sourceTree = SDKROOT; };
		16D21DAA18FC8C1400D18092 /* UIKit.framework */ = {isa = PBXFileReference; lastKnownFileType = wrapper.framework; name = UIKit.framework; path = System/Library/Frameworks/UIKit.framework; sourceTree = SDKROOT; };
		16D21DAC18FC8C1400D18092 /* SpriteKit.framework */ = {isa = PBXFileReference; lastKnownFileType = wrapper.framework; name = SpriteKit.framework; path = System/Library/Frameworks/SpriteKit.framework; sourceTree = SDKROOT; };
		16D21DB018FC8C1400D18092 /* spaceinvaders-Info.plist */ = {isa = PBXFileReference; lastKnownFileType = text.plist.xml; path = "spaceinvaders-Info.plist"; sourceTree = "<group>"; };
		16D21DB218FC8C1400D18092 /* en */ = {isa = PBXFileReference; lastKnownFileType = text.plist.strings; name = en; path = en.lproj/InfoPlist.strings; sourceTree = "<group>"; };
		16D21DB418FC8C1400D18092 /* main.m */ = {isa = PBXFileReference; lastKnownFileType = sourcecode.c.objc; path = main.m; sourceTree = "<group>"; };
		16D21DB618FC8C1400D18092 /* spaceinvaders-Prefix.pch */ = {isa = PBXFileReference; lastKnownFileType = sourcecode.c.h; path = "spaceinvaders-Prefix.pch"; sourceTree = "<group>"; };
		16D21DB718FC8C1400D18092 /* SIAppDelegate.h */ = {isa = PBXFileReference; lastKnownFileType = sourcecode.c.h; path = SIAppDelegate.h; sourceTree = "<group>"; };
		16D21DB818FC8C1400D18092 /* SIAppDelegate.m */ = {isa = PBXFileReference; lastKnownFileType = sourcecode.c.objc; path = SIAppDelegate.m; sourceTree = "<group>"; };
		16D21DBB18FC8C1400D18092 /* Base */ = {isa = PBXFileReference; lastKnownFileType = file.storyboard; name = Base; path = Base.lproj/Main.storyboard; sourceTree = "<group>"; };
		16D21DBD18FC8C1400D18092 /* SIViewController.h */ = {isa = PBXFileReference; lastKnownFileType = sourcecode.c.h; path = SIViewController.h; sourceTree = "<group>"; };
		16D21DBE18FC8C1400D18092 /* SIViewController.m */ = {isa = PBXFileReference; lastKnownFileType = sourcecode.c.objc; path = SIViewController.m; sourceTree = "<group>"; };
		16D21DC518FC8C1400D18092 /* Images.xcassets */ = {isa = PBXFileReference; lastKnownFileType = folder.assetcatalog; path = Images.xcassets; sourceTree = "<group>"; };
		16D21DCB18FC8C1400D18092 /* spaceinvadersTests.xctest */ = {isa = PBXFileReference; explicitFileType = wrapper.cfbundle; includeInIndex = 0; path = spaceinvadersTests.xctest; sourceTree = BUILT_PRODUCTS_DIR; };
		16D21DCC18FC8C1400D18092 /* XCTest.framework */ = {isa = PBXFileReference; lastKnownFileType = wrapper.framework; name = XCTest.framework; path = Library/Frameworks/XCTest.framework; sourceTree = DEVELOPER_DIR; };
		16D21DD418FC8C1400D18092 /* spaceinvadersTests-Info.plist */ = {isa = PBXFileReference; lastKnownFileType = text.plist.xml; path = "spaceinvadersTests-Info.plist"; sourceTree = "<group>"; };
		16D21DD618FC8C1400D18092 /* en */ = {isa = PBXFileReference; lastKnownFileType = text.plist.strings; name = en; path = en.lproj/InfoPlist.strings; sourceTree = "<group>"; };
		16D21DD818FC8C1400D18092 /* spaceinvadersTests.m */ = {isa = PBXFileReference; lastKnownFileType = sourcecode.c.objc; path = spaceinvadersTests.m; sourceTree = "<group>"; };
		16D21DE218FC902600D18092 /* SISpaceship.h */ = {isa = PBXFileReference; fileEncoding = 4; lastKnownFileType = sourcecode.c.h; path = SISpaceship.h; sourceTree = "<group>"; };
		16D21DE318FC902600D18092 /* SISpaceship.m */ = {isa = PBXFileReference; fileEncoding = 4; lastKnownFileType = sourcecode.c.objc; path = SISpaceship.m; sourceTree = "<group>"; };
		8D84F0681901A7E200DE42C0 /* SIGameScene.h */ = {isa = PBXFileReference; fileEncoding = 4; lastKnownFileType = sourcecode.c.h; name = SIGameScene.h; path = scenes/main_game/SIGameScene.h; sourceTree = "<group>"; };
		8D84F0691901A7E200DE42C0 /* SIGameScene.m */ = {isa = PBXFileReference; fileEncoding = 4; lastKnownFileType = sourcecode.c.objc; name = SIGameScene.m; path = scenes/main_game/SIGameScene.m; sourceTree = "<group>"; };
		8D84F06A1901A7E200DE42C0 /* SIGameScene+collision.h */ = {isa = PBXFileReference; fileEncoding = 4; lastKnownFileType = sourcecode.c.h; name = "SIGameScene+collision.h"; path = "scenes/main_game/SIGameScene+collision.h"; sourceTree = "<group>"; };
		8D84F06B1901A7E200DE42C0 /* SIGameScene+collision.m */ = {isa = PBXFileReference; fileEncoding = 4; lastKnownFileType = sourcecode.c.objc; name = "SIGameScene+collision.m"; path = "scenes/main_game/SIGameScene+collision.m"; sourceTree = "<group>"; };
		8D84F06E1901FEB800DE42C0 /* HCSpriteNode.h */ = {isa = PBXFileReference; fileEncoding = 4; lastKnownFileType = sourcecode.c.h; name = HCSpriteNode.h; path = framework/HCSpriteNode.h; sourceTree = "<group>"; };
		8D84F06F1901FEB800DE42C0 /* HCSpriteNode.m */ = {isa = PBXFileReference; fileEncoding = 4; lastKnownFileType = sourcecode.c.objc; name = HCSpriteNode.m; path = framework/HCSpriteNode.m; sourceTree = "<group>"; };
		8D9B302A1900CBD500658688 /* SIRandomGenerator.h */ = {isa = PBXFileReference; fileEncoding = 4; lastKnownFileType = sourcecode.c.h; name = SIRandomGenerator.h; path = framework/SIRandomGenerator.h; sourceTree = "<group>"; };
		8D9B302B1900CBD500658688 /* SIRandomGenerator.m */ = {isa = PBXFileReference; fileEncoding = 4; lastKnownFileType = sourcecode.c.objc; name = SIRandomGenerator.m; path = framework/SIRandomGenerator.m; sourceTree = "<group>"; };
/* End PBXFileReference section */

/* Begin PBXFrameworksBuildPhase section */
		16D21DA018FC8C1400D18092 /* Frameworks */ = {
			isa = PBXFrameworksBuildPhase;
			buildActionMask = 2147483647;
			files = (
				16D21DA918FC8C1400D18092 /* CoreGraphics.framework in Frameworks */,
				16D21DAB18FC8C1400D18092 /* UIKit.framework in Frameworks */,
				16D21DAD18FC8C1400D18092 /* SpriteKit.framework in Frameworks */,
				16D21DA718FC8C1400D18092 /* Foundation.framework in Frameworks */,
			);
			runOnlyForDeploymentPostprocessing = 0;
		};
		16D21DC818FC8C1400D18092 /* Frameworks */ = {
			isa = PBXFrameworksBuildPhase;
			buildActionMask = 2147483647;
			files = (
				16D21DCD18FC8C1400D18092 /* XCTest.framework in Frameworks */,
				16D21DCF18FC8C1400D18092 /* UIKit.framework in Frameworks */,
				16D21DCE18FC8C1400D18092 /* Foundation.framework in Frameworks */,
			);
			runOnlyForDeploymentPostprocessing = 0;
		};
/* End PBXFrameworksBuildPhase section */

/* Begin PBXGroup section */
		12683415191AAD3400007207 /* data */ = {
			isa = PBXGroup;
			children = (
				12683416191AAD6100007207 /* SIScoreManager.h */,
				12683417191AAD6100007207 /* SIScoreManager.m */,
			);
			name = data;
			sourceTree = "<group>";
		};
		1673CBC918FE59A800D38AA2 /* small */ = {
			isa = PBXGroup;
			children = (
				1673CBCA18FE59A800D38AA2 /* Monster32.png */,
				1673CBCB18FE59A800D38AA2 /* Rocket32.png */,
				1673CBCC18FE59A800D38AA2 /* Spaceship32.png */,
			);
			path = small;
			sourceTree = "<group>";
		};
		1673CBCD18FE59A800D38AA2 /* original */ = {
			isa = PBXGroup;
			children = (
				1673CBCE18FE59A800D38AA2 /* Monster.png */,
				1673CBCF18FE59A800D38AA2 /* Rocket.png */,
				1673CBD018FE59A800D38AA2 /* Spaceship.png */,
			);
			path = original;
			sourceTree = "<group>";
		};
		16D21D9A18FC8C1400D18092 = {
			isa = PBXGroup;
			children = (
				16D21DAE18FC8C1400D18092 /* spaceinvaders */,
				16D21DD218FC8C1400D18092 /* spaceinvadersTests */,
				16D21DA518FC8C1400D18092 /* Frameworks */,
				16D21DA418FC8C1400D18092 /* Products */,
				8D7AA77918FC965E00C341BD /* Assets */,
			);
			sourceTree = "<group>";
		};
		16D21DA418FC8C1400D18092 /* Products */ = {
			isa = PBXGroup;
			children = (
				16D21DA318FC8C1400D18092 /* spaceinvaders.app */,
				16D21DCB18FC8C1400D18092 /* spaceinvadersTests.xctest */,
			);
			name = Products;
			sourceTree = "<group>";
		};
		16D21DA518FC8C1400D18092 /* Frameworks */ = {
			isa = PBXGroup;
			children = (
				16D21DA618FC8C1400D18092 /* Foundation.framework */,
				16D21DA818FC8C1400D18092 /* CoreGraphics.framework */,
				16D21DAA18FC8C1400D18092 /* UIKit.framework */,
				16D21DAC18FC8C1400D18092 /* SpriteKit.framework */,
				16D21DCC18FC8C1400D18092 /* XCTest.framework */,
			);
			name = Frameworks;
			sourceTree = "<group>";
		};
		16D21DAE18FC8C1400D18092 /* spaceinvaders */ = {
			isa = PBXGroup;
			children = (
				12683415191AAD3400007207 /* data */,
				8D84F0621901A74000DE42C0 /* scenes */,
				8D9B30291900CB7200658688 /* framework */,
				16D21DB718FC8C1400D18092 /* SIAppDelegate.h */,
				16D21DB818FC8C1400D18092 /* SIAppDelegate.m */,
				16D21DBA18FC8C1400D18092 /* Main.storyboard */,
				16D21DBD18FC8C1400D18092 /* SIViewController.h */,
				16D21DBE18FC8C1400D18092 /* SIViewController.m */,
				16D21DC518FC8C1400D18092 /* Images.xcassets */,
				16D21DAF18FC8C1400D18092 /* Supporting Files */,
				16D21DE218FC902600D18092 /* SISpaceship.h */,
				16D21DE318FC902600D18092 /* SISpaceship.m */,
				12EA10EA191AC69F0060A14D /* SIGameOverVC.h */,
				12EA10EB191AC69F0060A14D /* SIGameOverVC.m */,
			);
			path = spaceinvaders;
			sourceTree = "<group>";
		};
		16D21DAF18FC8C1400D18092 /* Supporting Files */ = {
			isa = PBXGroup;
			children = (
				16D21DB018FC8C1400D18092 /* spaceinvaders-Info.plist */,
				16D21DB118FC8C1400D18092 /* InfoPlist.strings */,
				16D21DB418FC8C1400D18092 /* main.m */,
				16D21DB618FC8C1400D18092 /* spaceinvaders-Prefix.pch */,
			);
			name = "Supporting Files";
			sourceTree = "<group>";
		};
		16D21DD218FC8C1400D18092 /* spaceinvadersTests */ = {
			isa = PBXGroup;
			children = (
				16D21DD818FC8C1400D18092 /* spaceinvadersTests.m */,
				16D21DD318FC8C1400D18092 /* Supporting Files */,
			);
			path = spaceinvadersTests;
			sourceTree = "<group>";
		};
		16D21DD318FC8C1400D18092 /* Supporting Files */ = {
			isa = PBXGroup;
			children = (
				16D21DD418FC8C1400D18092 /* spaceinvadersTests-Info.plist */,
				16D21DD518FC8C1400D18092 /* InfoPlist.strings */,
			);
			name = "Supporting Files";
			sourceTree = "<group>";
		};
		8D7AA77918FC965E00C341BD /* Assets */ = {
			isa = PBXGroup;
			children = (
				1673CBC918FE59A800D38AA2 /* small */,
				1673CBCD18FE59A800D38AA2 /* original */,
			);
			path = Assets;
			sourceTree = "<group>";
		};
		8D84F0621901A74000DE42C0 /* scenes */ = {
			isa = PBXGroup;
			children = (
				8D84F0631901A74A00DE42C0 /* main_game */,
			);
			name = scenes;
			sourceTree = "<group>";
		};
		8D84F0631901A74A00DE42C0 /* main_game */ = {
			isa = PBXGroup;
			children = (
				8D84F0681901A7E200DE42C0 /* SIGameScene.h */,
				8D84F0691901A7E200DE42C0 /* SIGameScene.m */,
				8D84F06A1901A7E200DE42C0 /* SIGameScene+collision.h */,
				8D84F06B1901A7E200DE42C0 /* SIGameScene+collision.m */,
			);
			name = main_game;
			sourceTree = "<group>";
		};
		8D9B30291900CB7200658688 /* framework */ = {
			isa = PBXGroup;
			children = (
				8D84F06E1901FEB800DE42C0 /* HCSpriteNode.h */,
				8D84F06F1901FEB800DE42C0 /* HCSpriteNode.m */,
				8D9B302A1900CBD500658688 /* SIRandomGenerator.h */,
				8D9B302B1900CBD500658688 /* SIRandomGenerator.m */,
				1257AD1E1911D11B000E45A9 /* SKNode+si_collision_animation.h */,
				1257AD1F1911D11B000E45A9 /* SKNode+si_collision_animation.m */,
			);
			name = framework;
			sourceTree = "<group>";
		};
/* End PBXGroup section */

/* Begin PBXNativeTarget section */
		16D21DA218FC8C1400D18092 /* spaceinvaders */ = {
			isa = PBXNativeTarget;
			buildConfigurationList = 16D21DDC18FC8C1400D18092 /* Build configuration list for PBXNativeTarget "spaceinvaders" */;
			buildPhases = (
				16D21D9F18FC8C1400D18092 /* Sources */,
				16D21DA018FC8C1400D18092 /* Frameworks */,
				16D21DA118FC8C1400D18092 /* Resources */,
			);
			buildRules = (
			);
			dependencies = (
			);
			name = spaceinvaders;
			productName = spaceinvaders;
			productReference = 16D21DA318FC8C1400D18092 /* spaceinvaders.app */;
			productType = "com.apple.product-type.application";
		};
		16D21DCA18FC8C1400D18092 /* spaceinvadersTests */ = {
			isa = PBXNativeTarget;
			buildConfigurationList = 16D21DDF18FC8C1400D18092 /* Build configuration list for PBXNativeTarget "spaceinvadersTests" */;
			buildPhases = (
				16D21DC718FC8C1400D18092 /* Sources */,
				16D21DC818FC8C1400D18092 /* Frameworks */,
				16D21DC918FC8C1400D18092 /* Resources */,
			);
			buildRules = (
			);
			dependencies = (
				16D21DD118FC8C1400D18092 /* PBXTargetDependency */,
			);
			name = spaceinvadersTests;
			productName = spaceinvadersTests;
			productReference = 16D21DCB18FC8C1400D18092 /* spaceinvadersTests.xctest */;
			productType = "com.apple.product-type.bundle.unit-test";
		};
/* End PBXNativeTarget section */

/* Begin PBXProject section */
		16D21D9B18FC8C1400D18092 /* Project object */ = {
			isa = PBXProject;
			attributes = {
				CLASSPREFIX = SI;
				LastUpgradeCheck = 0510;
				ORGANIZATIONNAME = "OsamaSidat-HenryChung";
				TargetAttributes = {
					16D21DCA18FC8C1400D18092 = {
						TestTargetID = 16D21DA218FC8C1400D18092;
					};
				};
			};
			buildConfigurationList = 16D21D9E18FC8C1400D18092 /* Build configuration list for PBXProject "spaceinvaders" */;
			compatibilityVersion = "Xcode 3.2";
			developmentRegion = English;
			hasScannedForEncodings = 0;
			knownRegions = (
				en,
				Base,
			);
			mainGroup = 16D21D9A18FC8C1400D18092;
			productRefGroup = 16D21DA418FC8C1400D18092 /* Products */;
			projectDirPath = "";
			projectRoot = "";
			targets = (
				16D21DA218FC8C1400D18092 /* spaceinvaders */,
				16D21DCA18FC8C1400D18092 /* spaceinvadersTests */,
			);
		};
/* End PBXProject section */

/* Begin PBXResourcesBuildPhase section */
		16D21DA118FC8C1400D18092 /* Resources */ = {
			isa = PBXResourcesBuildPhase;
			buildActionMask = 2147483647;
			files = (
				1673CBD318FE59A800D38AA2 /* Spaceship32.png in Resources */,
				16D21DB318FC8C1400D18092 /* InfoPlist.strings in Resources */,
				1673CBD618FE59A800D38AA2 /* Spaceship.png in Resources */,
				16D21DC618FC8C1400D18092 /* Images.xcassets in Resources */,
				1673CBD218FE59A800D38AA2 /* Rocket32.png in Resources */,
				1673CBD118FE59A800D38AA2 /* Monster32.png in Resources */,
				1673CBD518FE59A800D38AA2 /* Rocket.png in Resources */,
				1673CBD418FE59A800D38AA2 /* Monster.png in Resources */,
				16D21DBC18FC8C1400D18092 /* Main.storyboard in Resources */,
			);
			runOnlyForDeploymentPostprocessing = 0;
		};
		16D21DC918FC8C1400D18092 /* Resources */ = {
			isa = PBXResourcesBuildPhase;
			buildActionMask = 2147483647;
			files = (
				16D21DD718FC8C1400D18092 /* InfoPlist.strings in Resources */,
			);
			runOnlyForDeploymentPostprocessing = 0;
		};
/* End PBXResourcesBuildPhase section */

/* Begin PBXSourcesBuildPhase section */
		16D21D9F18FC8C1400D18092 /* Sources */ = {
			isa = PBXSourcesBuildPhase;
			buildActionMask = 2147483647;
			files = (
				12683418191AAD6100007207 /* SIScoreManager.m in Sources */,
				16D21DB918FC8C1400D18092 /* SIAppDelegate.m in Sources */,
				16D21DBF18FC8C1400D18092 /* SIViewController.m in Sources */,
				1257AD201911D11B000E45A9 /* SKNode+si_collision_animation.m in Sources */,
				8D84F06C1901A7E200DE42C0 /* SIGameScene.m in Sources */,
				16D21DB518FC8C1400D18092 /* main.m in Sources */,
				8D84F06D1901A7E200DE42C0 /* SIGameScene+collision.m in Sources */,
				8D9B302C1900CBD500658688 /* SIRandomGenerator.m in Sources */,
				16D21DE418FC902600D18092 /* SISpaceship.m in Sources */,
				12EA10EC191AC69F0060A14D /* SIGameOverVC.m in Sources */,
				8D84F0701901FEB800DE42C0 /* HCSpriteNode.m in Sources */,
			);
			runOnlyForDeploymentPostprocessing = 0;
		};
		16D21DC718FC8C1400D18092 /* Sources */ = {
			isa = PBXSourcesBuildPhase;
			buildActionMask = 2147483647;
			files = (
				16D21DD918FC8C1400D18092 /* spaceinvadersTests.m in Sources */,
			);
			runOnlyForDeploymentPostprocessing = 0;
		};
/* End PBXSourcesBuildPhase section */

/* Begin PBXTargetDependency section */
		16D21DD118FC8C1400D18092 /* PBXTargetDependency */ = {
			isa = PBXTargetDependency;
			target = 16D21DA218FC8C1400D18092 /* spaceinvaders */;
			targetProxy = 16D21DD018FC8C1400D18092 /* PBXContainerItemProxy */;
		};
/* End PBXTargetDependency section */

/* Begin PBXVariantGroup section */
		16D21DB118FC8C1400D18092 /* InfoPlist.strings */ = {
			isa = PBXVariantGroup;
			children = (
				16D21DB218FC8C1400D18092 /* en */,
			);
			name = InfoPlist.strings;
			sourceTree = "<group>";
		};
		16D21DBA18FC8C1400D18092 /* Main.storyboard */ = {
			isa = PBXVariantGroup;
			children = (
				16D21DBB18FC8C1400D18092 /* Base */,
			);
			name = Main.storyboard;
			sourceTree = "<group>";
		};
		16D21DD518FC8C1400D18092 /* InfoPlist.strings */ = {
			isa = PBXVariantGroup;
			children = (
				16D21DD618FC8C1400D18092 /* en */,
			);
			name = InfoPlist.strings;
			sourceTree = "<group>";
		};
/* End PBXVariantGroup section */

/* Begin XCBuildConfiguration section */
		16D21DDA18FC8C1400D18092 /* Debug */ = {
			isa = XCBuildConfiguration;
			buildSettings = {
				ALWAYS_SEARCH_USER_PATHS = NO;
				CLANG_CXX_LANGUAGE_STANDARD = "gnu++0x";
				CLANG_CXX_LIBRARY = "libc++";
				CLANG_ENABLE_MODULES = YES;
				CLANG_ENABLE_OBJC_ARC = YES;
				CLANG_WARN_BOOL_CONVERSION = YES;
				CLANG_WARN_CONSTANT_CONVERSION = YES;
				CLANG_WARN_DIRECT_OBJC_ISA_USAGE = YES_ERROR;
				CLANG_WARN_EMPTY_BODY = YES;
				CLANG_WARN_ENUM_CONVERSION = YES;
				CLANG_WARN_INT_CONVERSION = YES;
				CLANG_WARN_OBJC_ROOT_CLASS = YES_ERROR;
				CLANG_WARN__DUPLICATE_METHOD_MATCH = YES;
				"CODE_SIGN_IDENTITY[sdk=iphoneos*]" = "iPhone Developer";
				COPY_PHASE_STRIP = NO;
				GCC_C_LANGUAGE_STANDARD = gnu99;
				GCC_DYNAMIC_NO_PIC = NO;
				GCC_OPTIMIZATION_LEVEL = 0;
				GCC_PREPROCESSOR_DEFINITIONS = (
					"DEBUG=1",
					"$(inherited)",
				);
				GCC_SYMBOLS_PRIVATE_EXTERN = NO;
				GCC_WARN_64_TO_32_BIT_CONVERSION = YES;
				GCC_WARN_ABOUT_RETURN_TYPE = YES_ERROR;
				GCC_WARN_UNDECLARED_SELECTOR = YES;
				GCC_WARN_UNINITIALIZED_AUTOS = YES_AGGRESSIVE;
				GCC_WARN_UNUSED_FUNCTION = YES;
				GCC_WARN_UNUSED_VARIABLE = YES;
				IPHONEOS_DEPLOYMENT_TARGET = 7.1;
				ONLY_ACTIVE_ARCH = YES;
				SDKROOT = iphoneos;
			};
			name = Debug;
		};
		16D21DDB18FC8C1400D18092 /* Release */ = {
			isa = XCBuildConfiguration;
			buildSettings = {
				ALWAYS_SEARCH_USER_PATHS = NO;
				CLANG_CXX_LANGUAGE_STANDARD = "gnu++0x";
				CLANG_CXX_LIBRARY = "libc++";
				CLANG_ENABLE_MODULES = YES;
				CLANG_ENABLE_OBJC_ARC = YES;
				CLANG_WARN_BOOL_CONVERSION = YES;
				CLANG_WARN_CONSTANT_CONVERSION = YES;
				CLANG_WARN_DIRECT_OBJC_ISA_USAGE = YES_ERROR;
				CLANG_WARN_EMPTY_BODY = YES;
				CLANG_WARN_ENUM_CONVERSION = YES;
				CLANG_WARN_INT_CONVERSION = YES;
				CLANG_WARN_OBJC_ROOT_CLASS = YES_ERROR;
				CLANG_WARN__DUPLICATE_METHOD_MATCH = YES;
				"CODE_SIGN_IDENTITY[sdk=iphoneos*]" = "iPhone Developer";
				COPY_PHASE_STRIP = YES;
				ENABLE_NS_ASSERTIONS = NO;
				GCC_C_LANGUAGE_STANDARD = gnu99;
				GCC_WARN_64_TO_32_BIT_CONVERSION = YES;
				GCC_WARN_ABOUT_RETURN_TYPE = YES_ERROR;
				GCC_WARN_UNDECLARED_SELECTOR = YES;
				GCC_WARN_UNINITIALIZED_AUTOS = YES_AGGRESSIVE;
				GCC_WARN_UNUSED_FUNCTION = YES;
				GCC_WARN_UNUSED_VARIABLE = YES;
				IPHONEOS_DEPLOYMENT_TARGET = 7.1;
				SDKROOT = iphoneos;
				VALIDATE_PRODUCT = YES;
			};
			name = Release;
		};
		16D21DDD18FC8C1400D18092 /* Debug */ = {
			isa = XCBuildConfiguration;
			buildSettings = {
				ASSETCATALOG_COMPILER_APPICON_NAME = AppIcon;
				ASSETCATALOG_COMPILER_LAUNCHIMAGE_NAME = LaunchImage;
				GCC_PRECOMPILE_PREFIX_HEADER = YES;
				GCC_PREFIX_HEADER = "spaceinvaders/spaceinvaders-Prefix.pch";
				INFOPLIST_FILE = "spaceinvaders/spaceinvaders-Info.plist";
				PRODUCT_NAME = "$(TARGET_NAME)";
				SPRITEKIT_TEXTURE_ATLAS_OUTPUT = YES;
				WRAPPER_EXTENSION = app;
			};
			name = Debug;
		};
		16D21DDE18FC8C1400D18092 /* Release */ = {
			isa = XCBuildConfiguration;
			buildSettings = {
				ASSETCATALOG_COMPILER_APPICON_NAME = AppIcon;
				ASSETCATALOG_COMPILER_LAUNCHIMAGE_NAME = LaunchImage;
				GCC_PRECOMPILE_PREFIX_HEADER = YES;
				GCC_PREFIX_HEADER = "spaceinvaders/spaceinvaders-Prefix.pch";
				INFOPLIST_FILE = "spaceinvaders/spaceinvaders-Info.plist";
				PRODUCT_NAME = "$(TARGET_NAME)";
				SPRITEKIT_TEXTURE_ATLAS_OUTPUT = YES;
				WRAPPER_EXTENSION = app;
			};
			name = Release;
		};
		16D21DE018FC8C1400D18092 /* Debug */ = {
			isa = XCBuildConfiguration;
			buildSettings = {
				BUNDLE_LOADER = "$(BUILT_PRODUCTS_DIR)/spaceinvaders.app/spaceinvaders";
				FRAMEWORK_SEARCH_PATHS = (
					"$(SDKROOT)/Developer/Library/Frameworks",
					"$(inherited)",
					"$(DEVELOPER_FRAMEWORKS_DIR)",
				);
				GCC_PRECOMPILE_PREFIX_HEADER = YES;
				GCC_PREFIX_HEADER = "spaceinvaders/spaceinvaders-Prefix.pch";
				GCC_PREPROCESSOR_DEFINITIONS = (
					"DEBUG=1",
					"$(inherited)",
				);
				INFOPLIST_FILE = "spaceinvadersTests/spaceinvadersTests-Info.plist";
				PRODUCT_NAME = "$(TARGET_NAME)";
				TEST_HOST = "$(BUNDLE_LOADER)";
				WRAPPER_EXTENSION = xctest;
			};
			name = Debug;
		};
		16D21DE118FC8C1400D18092 /* Release */ = {
			isa = XCBuildConfiguration;
			buildSettings = {
				BUNDLE_LOADER = "$(BUILT_PRODUCTS_DIR)/spaceinvaders.app/spaceinvaders";
				FRAMEWORK_SEARCH_PATHS = (
					"$(SDKROOT)/Developer/Library/Frameworks",
					"$(inherited)",
					"$(DEVELOPER_FRAMEWORKS_DIR)",
				);
				GCC_PRECOMPILE_PREFIX_HEADER = YES;
				GCC_PREFIX_HEADER = "spaceinvaders/spaceinvaders-Prefix.pch";
				INFOPLIST_FILE = "spaceinvadersTests/spaceinvadersTests-Info.plist";
				PRODUCT_NAME = "$(TARGET_NAME)";
				TEST_HOST = "$(BUNDLE_LOADER)";
				WRAPPER_EXTENSION = xctest;
			};
			name = Release;
		};
/* End XCBuildConfiguration section */

/* Begin XCConfigurationList section */
		16D21D9E18FC8C1400D18092 /* Build configuration list for PBXProject "spaceinvaders" */ = {
			isa = XCConfigurationList;
			buildConfigurations = (
				16D21DDA18FC8C1400D18092 /* Debug */,
				16D21DDB18FC8C1400D18092 /* Release */,
			);
			defaultConfigurationIsVisible = 0;
			defaultConfigurationName = Release;
		};
		16D21DDC18FC8C1400D18092 /* Build configuration list for PBXNativeTarget "spaceinvaders" */ = {
			isa = XCConfigurationList;
			buildConfigurations = (
				16D21DDD18FC8C1400D18092 /* Debug */,
				16D21DDE18FC8C1400D18092 /* Release */,
			);
			defaultConfigurationIsVisible = 0;
			defaultConfigurationName = Release;
		};
		16D21DDF18FC8C1400D18092 /* Build configuration list for PBXNativeTarget "spaceinvadersTests" */ = {
			isa = XCConfigurationList;
			buildConfigurations = (
				16D21DE018FC8C1400D18092 /* Debug */,
				16D21DE118FC8C1400D18092 /* Release */,
			);
			defaultConfigurationIsVisible = 0;
			defaultConfigurationName = Release;
		};
/* End XCConfigurationList section */
	};
	rootObject = 16D21D9B18FC8C1400D18092 /* Project object */;
}
